
Microsoft Visual Studio Solution File, Format Version 12.00
# Visual Studio 14
VisualStudioVersion = 14.0.24720.0
MinimumVisualStudioVersion = 10.0.40219.1
Project("{FAE04EC0-301F-11D3-BF4B-00C04F79EFBC}") = "Zerg Rush", "Zerg Rush\Zerg Rush.csproj", "{2C9E9F07-79A3-45E5-A55C-777E2DCDC514}"
EndProject
Global
	GlobalSection(SolutionConfigurationPlatforms) = preSolution
		Debug|Any CPU = Debug|Any CPU
		Release|Any CPU = Release|Any CPU
	EndGlobalSection
	GlobalSection(ProjectConfigurationPlatforms) = postSolution
		{2C9E9F07-79A3-45E5-A55C-777E2DCDC514}.Debug|Any CPU.ActiveCfg = Debug|Any CPU
		{2C9E9F07-79A3-45E5-A55C-777E2DCDC514}.Debug|Any CPU.Build.0 = Debug|Any CPU
		{2C9E9F07-79A3-45E5-A55C-777E2DCDC514}.Release|Any CPU.ActiveCfg = Release|Any CPU
		{2C9E9F07-79A3-45E5-A55C-777E2DCDC514}.Release|Any CPU.Build.0 = Release|Any CPU
	EndGlobalSection
	GlobalSection(SolutionProperties) = preSolution
		HideSolutionNode = FALSE
	EndGlobalSection
EndGlobal
